#MicroXplorer Configuration settings - do not modify
Mcu.Family=STM32F1
SH.GPXTI1.0=GPIO_EXTI1
ProjectManager.MainLocation=Core/Src
PA2.GPIO_PuPd=GPIO_PULLUP
RCC.MCOFreq_Value=32000000
NVIC.CAN1_RX1_IRQn=true\:0\:0\:false\:false\:true\:true\:true
ProjectManager.KeepUserCode=true
Mcu.UserName=STM32F103C8Tx
ADC1.ContinuousConvMode=ENABLE
RCC.PLLCLKFreq_Value=32000000
PC13-TAMPER-RTC.GPIOParameters=PinState,GPIO_PuPd
ProjectManager.functionlistsort=1-MX_GPIO_Init-GPIO-false-HAL-true,2-SystemClock_Config-RCC-false-HAL-false,3-MX_ADC1_Init-ADC1-false-HAL-true,4-MX_CAN_Init-CAN-false-HAL-true,5-MX_TIM2_Init-TIM2-false-HAL-true,6-MX_TIM4_Init-TIM4-false-HAL-true
PA11.Mode=CAN_Activate
RCC.ADCFreqValue=8000000
TIM2.Channel-PWM\ Generation2\ CH2=TIM_CHANNEL_2
PA2.GPIOParameters=GPIO_PuPd
PinOutPanel.RotationAngle=0
RCC.SYSCLKSource=RCC_SYSCLKSOURCE_PLLCLK
ProjectManager.StackSize=0x400
PD1-OSC_OUT.Signal=RCC_OSC_OUT
Mcu.IP4=SYS
RCC.FCLKCortexFreq_Value=32000000
Mcu.IP5=TIM2
Mcu.IP2=NVIC
NVIC.SVCall_IRQn=true\:0\:0\:false\:false\:true\:false\:false
Mcu.IP3=RCC
Mcu.IP0=ADC1
Mcu.IP1=CAN
NVIC.EXTI1_IRQn=true\:0\:0\:false\:false\:true\:true\:true
PA12.Signal=CAN_TX
CAN.Prescaler=16
Mcu.UserConstants=
Mcu.ThirdPartyNb=0
RCC.HCLKFreq_Value=32000000
SH.ADCx_IN3.0=ADC1_IN3,IN3
Mcu.IPNb=7
TIM2.IPParameters=Channel-PWM Generation1 CH1,Channel-PWM Generation2 CH2,Prescaler,Period
ProjectManager.PreviousToolchain=
RCC.APB2TimFreq_Value=32000000
PB6.Signal=GPIO_Output
SH.ADCx_IN3.ConfNb=1
Mcu.Pin6=PA3
VP_TIM2_VS_ClockSourceINT.Signal=TIM2_VS_ClockSourceINT
Mcu.Pin7=PA4
Mcu.Pin8=PA5
Mcu.Pin9=PA11
PA1.GPIO_PuPd=GPIO_PULLUP
RCC.AHBFreq_Value=32000000
Mcu.Pin0=PC13-TAMPER-RTC
Mcu.Pin1=PD0-OSC_IN
GPIO.groupedBy=Group By Peripherals
Mcu.Pin2=PD1-OSC_OUT
Mcu.Pin3=PA0-WKUP
PA0-WKUP.GPIOParameters=GPIO_PuPd,GPIO_ModeDefaultEXTI
Mcu.Pin4=PA1
Mcu.Pin5=PA2
ADC1.Channel-0\#ChannelRegularConversion=ADC_CHANNEL_3
ProjectManager.ProjectBuild=false
NVIC.UsageFault_IRQn=true\:0\:0\:false\:false\:true\:false\:false
NVIC.DebugMonitor_IRQn=true\:0\:0\:false\:false\:true\:false\:false
PA4.GPIO_PuPd=GPIO_PULLUP
PA4.Locked=true
NVIC.SysTick_IRQn=true\:0\:0\:false\:false\:true\:false\:true
RCC.PLLMUL=RCC_PLL_MUL8
ProjectManager.FirmwarePackage=STM32Cube FW_F1 V1.8.6
MxDb.Version=DB.6.0.21
PA1.GPIOParameters=GPIO_PuPd,GPIO_ModeDefaultEXTI
ProjectManager.BackupPrevious=false
PC13-TAMPER-RTC.PinState=GPIO_PIN_SET
PA14.Mode=Serial_Wire
PA5.GPIO_PuPd=GPIO_PULLUP
File.Version=6
PB8.PinState=GPIO_PIN_SET
PB7.Signal=GPIO_Output
PB8.Locked=true
TIM2.Channel-PWM\ Generation1\ CH1=TIM_CHANNEL_1
PB6.Locked=true
NVIC.PendSV_IRQn=true\:0\:0\:false\:false\:true\:false\:false
TIM4.Period=499
PB6.GPIOParameters=PinState,GPIO_PuPd
CAN.CalculateTimeQuantum=500.0
ProjectManager.HalAssertFull=false
ADC1.SamplingTime-0\#ChannelRegularConversion=ADC_SAMPLETIME_1CYCLE_5
ProjectManager.ProjectName=ECU
PB7.PinState=GPIO_PIN_SET
RCC.PLLMCOFreq_Value=16000000
Mcu.Package=LQFP48
TIM2.Prescaler=31
PA5.Locked=true
PC13-TAMPER-RTC.GPIO_PuPd=GPIO_PULLUP
ProjectManager.ToolChainLocation=
SH.GPXTI0.0=GPIO_EXTI0
VP_SYS_VS_Systick.Signal=SYS_VS_Systick
SH.GPXTI5.ConfNb=1
PA15.Signal=S_TIM2_CH1_ETR
PA5.GPIOParameters=GPIO_PuPd,GPIO_ModeDefaultEXTI
RCC.APB1TimFreq_Value=32000000
NVIC.BusFault_IRQn=true\:0\:0\:false\:false\:true\:false\:false
PA1.GPIO_ModeDefaultEXTI=GPIO_MODE_IT_FALLING
ProjectManager.CustomerFirmwarePackage=
PA3.Signal=ADCx_IN3
PA2.Locked=true
PB7.GPIO_PuPd=GPIO_PULLUP
NVIC.EXTI4_IRQn=true\:0\:0\:false\:false\:true\:true\:true
SH.GPXTI5.0=GPIO_EXTI5
ProjectManager.ProjectFileName=ECU.ioc
PA5.GPIO_ModeDefaultEXTI=GPIO_MODE_IT_RISING_FALLING
PB8.GPIOParameters=PinState,GPIO_PuPd
ADC1.Rank-0\#ChannelRegularConversion=1
PD1-OSC_OUT.Mode=HSE-External-Oscillator
Mcu.PinsNb=21
ProjectManager.NoMain=false
ADC1.IPParameters=Rank-0\#ChannelRegularConversion,master,Channel-0\#ChannelRegularConversion,SamplingTime-0\#ChannelRegularConversion,NbrOfConversionFlag,ContinuousConvMode
CAN.CalculateBaudRate=500000
PB6.GPIO_PuPd=GPIO_PULLUP
PB8.GPIO_PuPd=GPIO_PULLUP
PC13-TAMPER-RTC.Signal=GPIO_Output
SH.GPXTI0.ConfNb=1
ProjectManager.DefaultFWLocation=true
PD0-OSC_IN.Signal=RCC_OSC_IN
ProjectManager.DeletePrevious=true
CAN.CalculateTimeBit=2000.00
SH.S_TIM2_CH1_ETR.ConfNb=1
PA0-WKUP.GPIO_ModeDefaultEXTI=GPIO_MODE_IT_RISING_FALLING
RCC.FamilyName=M
PA0-WKUP.Signal=GPXTI0
PA0-WKUP.Locked=true
RCC.ADCPresc=RCC_ADCPCLK2_DIV4
PA13.Signal=SYS_JTMS-SWDIO
SH.S_TIM2_CH2.0=TIM2_CH2,PWM Generation2 CH2
CAN.BS1=CAN_BS1_2TQ
VP_TIM4_VS_ClockSourceINT.Signal=TIM4_VS_ClockSourceINT
ProjectManager.TargetToolchain=STM32CubeIDE
TIM4.IPParameters=Prescaler,Period
PB7.GPIOParameters=PinState,GPIO_PuPd
SH.S_TIM2_CH2.ConfNb=1
PA4.GPIO_ModeDefaultEXTI=GPIO_MODE_IT_RISING_FALLING
ProjectManager.RegisterCallBack=
PC13-TAMPER-RTC.Locked=true
RCC.USBFreq_Value=32000000
TIM4.Prescaler=31999
PA1.Signal=GPXTI1
PD0-OSC_IN.Mode=HSE-External-Oscillator
PA5.Signal=GPXTI5
board=custom
ProjectManager.LastFirmware=true
RCC.APB2Freq_Value=32000000
MxCube.Version=6.2.1
VP_TIM2_VS_ClockSourceINT.Mode=Internal
VP_SYS_VS_Systick.Mode=SysTick
NVIC.NonMaskableInt_IRQn=true\:0\:0\:false\:false\:true\:false\:false
PA4.GPIOParameters=GPIO_PuPd,GPIO_ModeDefaultEXTI
CAN.IPParameters=CalculateTimeQuantum,CalculateTimeBit,CalculateBaudRate,Prescaler,BS1
TIM2.Period=100
PA13.Mode=Serial_Wire
ProjectManager.FreePins=false
RCC.IPParameters=ADCFreqValue,ADCPresc,AHBFreq_Value,APB1Freq_Value,APB1TimFreq_Value,APB2Freq_Value,APB2TimFreq_Value,FCLKCortexFreq_Value,FamilyName,HCLKFreq_Value,MCOFreq_Value,PLLCLKFreq_Value,PLLMCOFreq_Value,PLLMUL,SYSCLKFreq_VALUE,SYSCLKSource,TimSysFreq_Value,USBFreq_Value
ProjectManager.AskForMigrate=true
Mcu.Name=STM32F103C(8-B)Tx
PA2.Signal=GPIO_Input
ProjectManager.UnderRoot=true
Mcu.IP6=TIM4
ProjectManager.CoupleFile=false
PB3.Signal=S_TIM2_CH2
NVIC.EXTI0_IRQn=true\:0\:0\:false\:false\:true\:true\:true
PA4.Signal=GPXTI4
RCC.SYSCLKFreq_VALUE=32000000
RCC.TimSysFreq_Value=32000000
PA1.Locked=true
Mcu.Pin20=VP_TIM4_VS_ClockSourceINT
ADC1.master=1
SH.GPXTI4.0=GPIO_EXTI4
PA12.Mode=CAN_Activate
NVIC.ForceEnableDMAVector=true
KeepUserPlacement=false
NVIC.MemoryManagement_IRQn=true\:0\:0\:false\:false\:true\:false\:false
ProjectManager.CompilerOptimize=6
PB6.PinState=GPIO_PIN_SET
PA11.Signal=CAN_RX
SH.S_TIM2_CH1_ETR.0=TIM2_CH1,PWM Generation1 CH1
NVIC.EXTI9_5_IRQn=true\:0\:0\:false\:false\:true\:true\:true
PA14.Signal=SYS_JTCK-SWCLK
ProjectManager.HeapSize=0x200
Mcu.Pin15=PB6
NVIC.HardFault_IRQn=true\:0\:0\:false\:false\:true\:false\:false
Mcu.Pin16=PB7
SH.GPXTI4.ConfNb=1
Mcu.Pin13=PA15
Mcu.Pin14=PB3
Mcu.Pin19=VP_TIM2_VS_ClockSourceINT
ProjectManager.ComputerToolchain=false
Mcu.Pin17=PB8
Mcu.Pin18=VP_SYS_VS_Systick
VP_TIM4_VS_ClockSourceINT.Mode=Internal
NVIC.PriorityGroup=NVIC_PRIORITYGROUP_4
ADC1.NbrOfConversionFlag=1
Mcu.Pin11=PA13
Mcu.Pin12=PA14
Mcu.Pin10=PA12
PB7.Locked=true
PB8.Signal=GPIO_Output
PA0-WKUP.GPIO_PuPd=GPIO_PULLUP
SH.GPXTI1.ConfNb=1
NVIC.TIM4_IRQn=true\:0\:0\:false\:false\:true\:true\:true
RCC.APB1Freq_Value=32000000
ProjectManager.DeviceId=STM32F103C8Tx
ProjectManager.LibraryCopy=1
isbadioc=false
